
Microsoft Visual Studio Solution File, Format Version 12.00
# Visual Studio Version 17
VisualStudioVersion = 17.2.32602.215
MinimumVisualStudioVersion = 10.0.40219.1
Project("{FAE04EC0-301F-11D3-BF4B-00C04F79EFBC}") = "Collection", "Collection\Collection.csproj", "{5966DA17-B87F-4FDE-9011-2D96B438CD1F}"
EndProject
Project("{FAE04EC0-301F-11D3-BF4B-00C04F79EFBC}") = "Collection.UnitTests", "Collection.UnitTests\Collection.UnitTests.csproj", "{E50F2119-DF32-4C72-AC28-82F8D1979B97}"
EndProject
Global
	GlobalSection(SolutionConfigurationPlatforms) = preSolution
		Debug|Any CPU = Debug|Any CPU
		Release|Any CPU = Release|Any CPU
	EndGlobalSection
	GlobalSection(ProjectConfigurationPlatforms) = postSolution
		{5966DA17-B87F-4FDE-9011-2D96B438CD1F}.Debug|Any CPU.ActiveCfg = Debug|Any CPU
		{5966DA17-B87F-4FDE-9011-2D96B438CD1F}.Debug|Any CPU.Build.0 = Debug|Any CPU
		{5966DA17-B87F-4FDE-9011-2D96B438CD1F}.Release|Any CPU.ActiveCfg = Release|Any CPU
		{5966DA17-B87F-4FDE-9011-2D96B438CD1F}.Release|Any CPU.Build.0 = Release|Any CPU
		{E50F2119-DF32-4C72-AC28-82F8D1979B97}.Debug|Any CPU.ActiveCfg = Debug|Any CPU
		{E50F2119-DF32-4C72-AC28-82F8D1979B97}.Debug|Any CPU.Build.0 = Debug|Any CPU
		{E50F2119-DF32-4C72-AC28-82F8D1979B97}.Release|Any CPU.ActiveCfg = Release|Any CPU
		{E50F2119-DF32-4C72-AC28-82F8D1979B97}.Release|Any CPU.Build.0 = Release|Any CPU
	EndGlobalSection
	GlobalSection(SolutionProperties) = preSolution
		HideSolutionNode = FALSE
	EndGlobalSection
	GlobalSection(ExtensibilityGlobals) = postSolution
		SolutionGuid = {554FBDB6-258C-4739-919A-218BD229FADB}
	EndGlobalSection
EndGlobal
